
Microsoft Visual Studio Solution File, Format Version 12.00
# Visual Studio Version 17
VisualStudioVersion = 17.4.33122.133
MinimumVisualStudioVersion = 10.0.40219.1
Project("{FAE04EC0-301F-11D3-BF4B-00C04F79EFBC}") = "AoC17", "AoC17\AoC17.csproj", "{E18763C0-13B8-4291-9BF9-8DCA43F23A2F}"
EndProject
Project("{FAE04EC0-301F-11D3-BF4B-00C04F79EFBC}") = "Aoc17Tests", "Aoc17Tests\Aoc17Tests.csproj", "{A03B1D21-BD3E-48B5-9045-293E4F0D69D3}"
EndProject
Global
	GlobalSection(SolutionConfigurationPlatforms) = preSolution
		Debug|Any CPU = Debug|Any CPU
		Release|Any CPU = Release|Any CPU
	EndGlobalSection
	GlobalSection(ProjectConfigurationPlatforms) = postSolution
		{E18763C0-13B8-4291-9BF9-8DCA43F23A2F}.Debug|Any CPU.ActiveCfg = Debug|Any CPU
		{E18763C0-13B8-4291-9BF9-8DCA43F23A2F}.Debug|Any CPU.Build.0 = Debug|Any CPU
		{E18763C0-13B8-4291-9BF9-8DCA43F23A2F}.Release|Any CPU.ActiveCfg = Release|Any CPU
		{E18763C0-13B8-4291-9BF9-8DCA43F23A2F}.Release|Any CPU.Build.0 = Release|Any CPU
		{A03B1D21-BD3E-48B5-9045-293E4F0D69D3}.Debug|Any CPU.ActiveCfg = Debug|Any CPU
		{A03B1D21-BD3E-48B5-9045-293E4F0D69D3}.Debug|Any CPU.Build.0 = Debug|Any CPU
		{A03B1D21-BD3E-48B5-9045-293E4F0D69D3}.Release|Any CPU.ActiveCfg = Release|Any CPU
		{A03B1D21-BD3E-48B5-9045-293E4F0D69D3}.Release|Any CPU.Build.0 = Release|Any CPU
	EndGlobalSection
	GlobalSection(SolutionProperties) = preSolution
		HideSolutionNode = FALSE
	EndGlobalSection
	GlobalSection(ExtensibilityGlobals) = postSolution
		SolutionGuid = {4509570A-D513-4D06-8916-01D7314A9A5C}
	EndGlobalSection
EndGlobal
